// !$*UTF8*$!
{
	archiveVersion = 1;
	classes = {
	};
	objectVersion = 50;
	objects = {

/* Begin PBXBuildFile section */
		00E02D7F217DF4DD0022726E /* AppCell.swift in Sources */ = {isa = PBXBuildFile; fileRef = 00E02D7E217DF4DD0022726E /* AppCell.swift */; };
		00E02D81217DF5B20022726E /* App.swift in Sources */ = {isa = PBXBuildFile; fileRef = 00E02D80217DF5B20022726E /* App.swift */; };
		00F2EAE320E65C5B00FCCEC6 /* CategoryCell.swift in Sources */ = {isa = PBXBuildFile; fileRef = 00F2EAE220E65C5B00FCCEC6 /* CategoryCell.swift */; };
		00F9604620E6527B00AC7299 /* AppDelegate.swift in Sources */ = {isa = PBXBuildFile; fileRef = 00F9604520E6527B00AC7299 /* AppDelegate.swift */; };
		00F9604820E6527B00AC7299 /* FeaturedAppsController.swift in Sources */ = {isa = PBXBuildFile; fileRef = 00F9604720E6527B00AC7299 /* FeaturedAppsController.swift */; };
		00F9604D20E6527C00AC7299 /* Assets.xcassets in Resources */ = {isa = PBXBuildFile; fileRef = 00F9604C20E6527C00AC7299 /* Assets.xcassets */; };
		00F9605020E6527C00AC7299 /* LaunchScreen.storyboard in Resources */ = {isa = PBXBuildFile; fileRef = 00F9604E20E6527C00AC7299 /* LaunchScreen.storyboard */; };
		00FFC5C620E6C365004F6C2E /* Category.swift in Sources */ = {isa = PBXBuildFile; fileRef = 00FFC5C520E6C365004F6C2E /* Category.swift */; };
/* End PBXBuildFile section */

/* Begin PBXFileReference section */
		00E02D7E217DF4DD0022726E /* AppCell.swift */ = {isa = PBXFileReference; lastKnownFileType = sourcecode.swift; path = AppCell.swift; sourceTree = "<group>"; };
		00E02D80217DF5B20022726E /* App.swift */ = {isa = PBXFileReference; lastKnownFileType = sourcecode.swift; path = App.swift; sourceTree = "<group>"; };
		00F2EAE220E65C5B00FCCEC6 /* CategoryCell.swift */ = {isa = PBXFileReference; lastKnownFileType = sourcecode.swift; path = CategoryCell.swift; sourceTree = "<group>"; };
		00F9604220E6527B00AC7299 /* AppStore.app */ = {isa = PBXFileReference; explicitFileType = wrapper.application; includeInIndex = 0; path = AppStore.app; sourceTree = BUILT_PRODUCTS_DIR; };
		00F9604520E6527B00AC7299 /* AppDelegate.swift */ = {isa = PBXFileReference; lastKnownFileType = sourcecode.swift; path = AppDelegate.swift; sourceTree = "<group>"; };
		00F9604720E6527B00AC7299 /* FeaturedAppsController.swift */ = {isa = PBXFileReference; lastKnownFileType = sourcecode.swift; path = FeaturedAppsController.swift; sourceTree = "<group>"; };
		00F9604C20E6527C00AC7299 /* Assets.xcassets */ = {isa = PBXFileReference; lastKnownFileType = folder.assetcatalog; path = Assets.xcassets; sourceTree = "<group>"; };
		00F9604F20E6527C00AC7299 /* Base */ = {isa = PBXFileReference; lastKnownFileType = file.storyboard; name = Base; path = Base.lproj/LaunchScreen.storyboard; sourceTree = "<group>"; };
		00F9605120E6527C00AC7299 /* Info.plist */ = {isa = PBXFileReference; lastKnownFileType = text.plist.xml; path = Info.plist; sourceTree = "<group>"; };
		00FFC5C520E6C365004F6C2E /* Category.swift */ = {isa = PBXFileReference; lastKnownFileType = sourcecode.swift; path = Category.swift; sourceTree = "<group>"; };
/* End PBXFileReference section */

/* Begin PBXFrameworksBuildPhase section */
		00F9603F20E6527B00AC7299 /* Frameworks */ = {
			isa = PBXFrameworksBuildPhase;
			buildActionMask = 2147483647;
			files = (
			);
			runOnlyForDeploymentPostprocessing = 0;
		};
/* End PBXFrameworksBuildPhase section */

/* Begin PBXGroup section */
		00F2EADF20E65AF100FCCEC6 /* Controller */ = {
			isa = PBXGroup;
			children = (
				00F9604720E6527B00AC7299 /* FeaturedAppsController.swift */,
			);
			path = Controller;
			sourceTree = "<group>";
		};
		00F2EAE020E65AFE00FCCEC6 /* View */ = {
			isa = PBXGroup;
			children = (
				00F2EAE220E65C5B00FCCEC6 /* CategoryCell.swift */,
				00E02D7E217DF4DD0022726E /* AppCell.swift */,
			);
			path = View;
			sourceTree = "<group>";
		};
		00F2EAE120E65B0500FCCEC6 /* Model */ = {
			isa = PBXGroup;
			children = (
				00FFC5C520E6C365004F6C2E /* Category.swift */,
				00E02D80217DF5B20022726E /* App.swift */,
			);
			path = Model;
			sourceTree = "<group>";
		};
		00F9603920E6527B00AC7299 = {
			isa = PBXGroup;
			children = (
				00F9604420E6527B00AC7299 /* AppStore */,
				00F9604320E6527B00AC7299 /* Products */,
			);
			sourceTree = "<group>";
		};
		00F9604320E6527B00AC7299 /* Products */ = {
			isa = PBXGroup;
			children = (
				00F9604220E6527B00AC7299 /* AppStore.app */,
			);
			name = Products;
			sourceTree = "<group>";
		};
		00F9604420E6527B00AC7299 /* AppStore */ = {
			isa = PBXGroup;
			children = (
				00F9604520E6527B00AC7299 /* AppDelegate.swift */,
				00F2EAE120E65B0500FCCEC6 /* Model */,
				00F2EAE020E65AFE00FCCEC6 /* View */,
				00F2EADF20E65AF100FCCEC6 /* Controller */,
				00F9604C20E6527C00AC7299 /* Assets.xcassets */,
				00F9604E20E6527C00AC7299 /* LaunchScreen.storyboard */,
				00F9605120E6527C00AC7299 /* Info.plist */,
			);
			path = AppStore;
			sourceTree = "<group>";
		};
/* End PBXGroup section */

/* Begin PBXNativeTarget section */
		00F9604120E6527B00AC7299 /* AppStore */ = {
			isa = PBXNativeTarget;
			buildConfigurationList = 00F9605420E6527C00AC7299 /* Build configuration list for PBXNativeTarget "AppStore" */;
			buildPhases = (
				00F9603E20E6527B00AC7299 /* Sources */,
				00F9603F20E6527B00AC7299 /* Frameworks */,
				00F9604020E6527B00AC7299 /* Resources */,
			);
			buildRules = (
			);
			dependencies = (
			);
			name = AppStore;
			productName = AppStore;
			productReference = 00F9604220E6527B00AC7299 /* AppStore.app */;
			productType = "com.apple.product-type.application";
		};
/* End PBXNativeTarget section */

/* Begin PBXProject section */
		00F9603A20E6527B00AC7299 /* Project object */ = {
			isa = PBXProject;
			attributes = {
				LastSwiftUpdateCheck = 0930;
				LastUpgradeCheck = 0930;
				ORGANIZATIONNAME = takeru;
				TargetAttributes = {
					00F9604120E6527B00AC7299 = {
						CreatedOnToolsVersion = 9.3;
					};
				};
			};
			buildConfigurationList = 00F9603D20E6527B00AC7299 /* Build configuration list for PBXProject "AppStore" */;
			compatibilityVersion = "Xcode 9.3";
			developmentRegion = en;
			hasScannedForEncodings = 0;
			knownRegions = (
				en,
				Base,
			);
			mainGroup = 00F9603920E6527B00AC7299;
			productRefGroup = 00F9604320E6527B00AC7299 /* Products */;
			projectDirPath = "";
			projectRoot = "";
			targets = (
				00F9604120E6527B00AC7299 /* AppStore */,
			);
		};
/* End PBXProject section */

/* Begin PBXResourcesBuildPhase section */
		00F9604020E6527B00AC7299 /* Resources */ = {
			isa = PBXResourcesBuildPhase;
			buildActionMask = 2147483647;
			files = (
				00F9605020E6527C00AC7299 /* LaunchScreen.storyboard in Resources */,
				00F9604D20E6527C00AC7299 /* Assets.xcassets in Resources */,
			);
			runOnlyForDeploymentPostprocessing = 0;
		};
/* End PBXResourcesBuildPhase section */

/* Begin PBXSourcesBuildPhase section */
		00F9603E20E6527B00AC7299 /* Sources */ = {
			isa = PBXSourcesBuildPhase;
			buildActionMask = 2147483647;
			files = (
				00E02D7F217DF4DD0022726E /* AppCell.swift in Sources */,
				00F9604820E6527B00AC7299 /* FeaturedAppsController.swift in Sources */,
				00F9604620E6527B00AC7299 /* AppDelegate.swift in Sources */,
				00E02D81217DF5B20022726E /* App.swift in Sources */,
				00F2EAE320E65C5B00FCCEC6 /* CategoryCell.swift in Sources */,
				00FFC5C620E6C365004F6C2E /* Category.swift in Sources */,
			);
			runOnlyForDeploymentPostprocessing = 0;
		};
/* End PBXSourcesBuildPhase section */

/* Begin PBXVariantGroup section */
		00F9604E20E6527C00AC7299 /* LaunchScreen.storyboard */ = {
			isa = PBXVariantGroup;
			children = (
				00F9604F20E6527C00AC7299 /* Base */,
			);
			name = LaunchScreen.storyboard;
			sourceTree = "<group>";
		};
/* End PBXVariantGroup section */

/* Begin XCBuildConfiguration section */
		00F9605220E6527C00AC7299 /* Debug */ = {
			isa = XCBuildConfiguration;
			buildSettings = {
				ALWAYS_SEARCH_USER_PATHS = NO;
				CLANG_ANALYZER_NONNULL = YES;
				CLANG_ANALYZER_NUMBER_OBJECT_CONVERSION = YES_AGGRESSIVE;
				CLANG_CXX_LANGUAGE_STANDARD = "gnu++14";
				CLANG_CXX_LIBRARY = "libc++";
				CLANG_ENABLE_MODULES = YES;
				CLANG_ENABLE_OBJC_ARC = YES;
				CLANG_ENABLE_OBJC_WEAK = YES;
				CLANG_WARN_BLOCK_CAPTURE_AUTORELEASING = YES;
				CLANG_WARN_BOOL_CONVERSION = YES;
				CLANG_WARN_COMMA = YES;
				CLANG_WARN_CONSTANT_CONVERSION = YES;
				CLANG_WARN_DEPRECATED_OBJC_IMPLEMENTATIONS = YES;
				CLANG_WARN_DIRECT_OBJC_ISA_USAGE = YES_ERROR;
				CLANG_WARN_DOCUMENTATION_COMMENTS = YES;
				CLANG_WARN_EMPTY_BODY = YES;
				CLANG_WARN_ENUM_CONVERSION = YES;
				CLANG_WARN_INFINITE_RECURSION = YES;
				CLANG_WARN_INT_CONVERSION = YES;
				CLANG_WARN_NON_LITERAL_NULL_CONVERSION = YES;
				CLANG_WARN_OBJC_IMPLICIT_RETAIN_SELF = YES;
				CLANG_WARN_OBJC_LITERAL_CONVERSION = YES;
				CLANG_WARN_OBJC_ROOT_CLASS = YES_ERROR;
				CLANG_WARN_RANGE_LOOP_ANALYSIS = YES;
				CLANG_WARN_STRICT_PROTOTYPES = YES;
				CLANG_WARN_SUSPICIOUS_MOVE = YES;
				CLANG_WARN_UNGUARDED_AVAILABILITY = YES_AGGRESSIVE;
				CLANG_WARN_UNREACHABLE_CODE = YES;
				CLANG_WARN__DUPLICATE_METHOD_MATCH = YES;
				CODE_SIGN_IDENTITY = "iPhone Developer";
				COPY_PHASE_STRIP = NO;
				DEBUG_INFORMATION_FORMAT = dwarf;
				ENABLE_STRICT_OBJC_MSGSEND = YES;
				ENABLE_TESTABILITY = YES;
				GCC_C_LANGUAGE_STANDARD = gnu11;
				GCC_DYNAMIC_NO_PIC = NO;
				GCC_NO_COMMON_BLOCKS = YES;
				GCC_OPTIMIZATION_LEVEL = 0;
				GCC_PREPROCESSOR_DEFINITIONS = (
					"DEBUG=1",
					"$(inherited)",
				);
				GCC_WARN_64_TO_32_BIT_CONVERSION = YES;
				GCC_WARN_ABOUT_RETURN_TYPE = YES_ERROR;
				GCC_WARN_UNDECLARED_SELECTOR = YES;
				GCC_WARN_UNINITIALIZED_AUTOS = YES_AGGRESSIVE;
				GCC_WARN_UNUSED_FUNCTION = YES;
				GCC_WARN_UNUSED_VARIABLE = YES;
				IPHONEOS_DEPLOYMENT_TARGET = 11.3;
				MTL_ENABLE_DEBUG_INFO = YES;
				ONLY_ACTIVE_ARCH = YES;
				SDKROOT = iphoneos;
				SWIFT_ACTIVE_COMPILATION_CONDITIONS = DEBUG;
				SWIFT_OPTIMIZATION_LEVEL = "-Onone";
			};
			name = Debug;
		};
		00F9605320E6527C00AC7299 /* Release */ = {
			isa = XCBuildConfiguration;
			buildSettings = {
				ALWAYS_SEARCH_USER_PATHS = NO;
				CLANG_ANALYZER_NONNULL = YES;
				CLANG_ANALYZER_NUMBER_OBJECT_CONVERSION = YES_AGGRESSIVE;
				CLANG_CXX_LANGUAGE_STANDARD = "gnu++14";
				CLANG_CXX_LIBRARY = "libc++";
				CLANG_ENABLE_MODULES = YES;
				CLANG_ENABLE_OBJC_ARC = YES;
				CLANG_ENABLE_OBJC_WEAK = YES;
				CLANG_WARN_BLOCK_CAPTURE_AUTORELEASING = YES;
				CLANG_WARN_BOOL_CONVERSION = YES;
				CLANG_WARN_COMMA = YES;
				CLANG_WARN_CONSTANT_CONVERSION = YES;
				CLANG_WARN_DEPRECATED_OBJC_IMPLEMENTATIONS = YES;
				CLANG_WARN_DIRECT_OBJC_ISA_USAGE = YES_ERROR;
				CLANG_WARN_DOCUMENTATION_COMMENTS = YES;
				CLANG_WARN_EMPTY_BODY = YES;
				CLANG_WARN_ENUM_CONVERSION = YES;
				CLANG_WARN_INFINITE_RECURSION = YES;
				CLANG_WARN_INT_CONVERSION = YES;
				CLANG_WARN_NON_LITERAL_NULL_CONVERSION = YES;
				CLANG_WARN_OBJC_IMPLICIT_RETAIN_SELF = YES;
				CLANG_WARN_OBJC_LITERAL_CONVERSION = YES;
				CLANG_WARN_OBJC_ROOT_CLASS = YES_ERROR;
				CLANG_WARN_RANGE_LOOP_ANALYSIS = YES;
				CLANG_WARN_STRICT_PROTOTYPES = YES;
				CLANG_WARN_SUSPICIOUS_MOVE = YES;
				CLANG_WARN_UNGUARDED_AVAILABILITY = YES_AGGRESSIVE;
				CLANG_WARN_UNREACHABLE_CODE = YES;
				CLANG_WARN__DUPLICATE_METHOD_MATCH = YES;
				CODE_SIGN_IDENTITY = "iPhone Developer";
				COPY_PHASE_STRIP = NO;
				DEBUG_INFORMATION_FORMAT = "dwarf-with-dsym";
				ENABLE_NS_ASSERTIONS = NO;
				ENABLE_STRICT_OBJC_MSGSEND = YES;
				GCC_C_LANGUAGE_STANDARD = gnu11;
				GCC_NO_COMMON_BLOCKS = YES;
				GCC_WARN_64_TO_32_BIT_CONVERSION = YES;
				GCC_WARN_ABOUT_RETURN_TYPE = YES_ERROR;
				GCC_WARN_UNDECLARED_SELECTOR = YES;
				GCC_WARN_UNINITIALIZED_AUTOS = YES_AGGRESSIVE;
				GCC_WARN_UNUSED_FUNCTION = YES;
				GCC_WARN_UNUSED_VARIABLE = YES;
				IPHONEOS_DEPLOYMENT_TARGET = 11.3;
				MTL_ENABLE_DEBUG_INFO = NO;
				SDKROOT = iphoneos;
				SWIFT_COMPILATION_MODE = wholemodule;
				SWIFT_OPTIMIZATION_LEVEL = "-O";
				VALIDATE_PRODUCT = YES;
			};
			name = Release;
		};
		00F9605520E6527C00AC7299 /* Debug */ = {
			isa = XCBuildConfiguration;
			buildSettings = {
				ASSETCATALOG_COMPILER_APPICON_NAME = AppIcon;
				CODE_SIGN_STYLE = Automatic;
				DEVELOPMENT_TEAM = 8CT28C7263;
				INFOPLIST_FILE = AppStore/Info.plist;
				LD_RUNPATH_SEARCH_PATHS = (
					"$(inherited)",
					"@executable_path/Frameworks",
				);
				PRODUCT_BUNDLE_IDENTIFIER = com.son.AppStore;
				PRODUCT_NAME = "$(TARGET_NAME)";
				SWIFT_VERSION = 4.0;
				TARGETED_DEVICE_FAMILY = "1,2";
			};
			name = Debug;
		};
		00F9605620E6527C00AC7299 /* Release */ = {
			isa = XCBuildConfiguration;
			buildSettings = {
				ASSETCATALOG_COMPILER_APPICON_NAME = AppIcon;
				CODE_SIGN_STYLE = Automatic;
				DEVELOPMENT_TEAM = 8CT28C7263;
				INFOPLIST_FILE = AppStore/Info.plist;
				LD_RUNPATH_SEARCH_PATHS = (
					"$(inherited)",
					"@executable_path/Frameworks",
				);
				PRODUCT_BUNDLE_IDENTIFIER = com.son.AppStore;
				PRODUCT_NAME = "$(TARGET_NAME)";
				SWIFT_VERSION = 4.0;
				TARGETED_DEVICE_FAMILY = "1,2";
			};
			name = Release;
		};
/* End XCBuildConfiguration section */

/* Begin XCConfigurationList section */
		00F9603D20E6527B00AC7299 /* Build configuration list for PBXProject "AppStore" */ = {
			isa = XCConfigurationList;
			buildConfigurations = (
				00F9605220E6527C00AC7299 /* Debug */,
				00F9605320E6527C00AC7299 /* Release */,
			);
			defaultConfigurationIsVisible = 0;
			defaultConfigurationName = Release;
		};
		00F9605420E6527C00AC7299 /* Build configuration list for PBXNativeTarget "AppStore" */ = {
			isa = XCConfigurationList;
			buildConfigurations = (
				00F9605520E6527C00AC7299 /* Debug */,
				00F9605620E6527C00AC7299 /* Release */,
			);
			defaultConfigurationIsVisible = 0;
			defaultConfigurationName = Release;
		};
/* End XCConfigurationList section */
	};
	rootObject = 00F9603A20E6527B00AC7299 /* Project object */;
}
